
Microsoft Visual Studio Solution File, Format Version 12.00
# Visual Studio Version 16
VisualStudioVersion = 16.0.31829.152
MinimumVisualStudioVersion = 10.0.40219.1
Project("{2150E333-8FDC-42A3-9474-1A3956D46DE8}") = "src", "src", "{155B419B-534D-4D32-A076-E0DA15427AF2}"
EndProject
Project("{FAE04EC0-301F-11D3-BF4B-00C04F79EFBC}") = "RESTfulWebService", "src\RESTfulWebService\RESTfulWebService.csproj", "{92321FDD-26CF-46E0-8C80-3CF2AF84E41F}"
EndProject
Global
	GlobalSection(SolutionConfigurationPlatforms) = preSolution
		Debug|Any CPU = Debug|Any CPU
		Release|Any CPU = Release|Any CPU
	EndGlobalSection
	GlobalSection(ProjectConfigurationPlatforms) = postSolution
		{92321FDD-26CF-46E0-8C80-3CF2AF84E41F}.Debug|Any CPU.ActiveCfg = Debug|Any CPU
		{92321FDD-26CF-46E0-8C80-3CF2AF84E41F}.Debug|Any CPU.Build.0 = Debug|Any CPU
		{92321FDD-26CF-46E0-8C80-3CF2AF84E41F}.Release|Any CPU.ActiveCfg = Release|Any CPU
		{92321FDD-26CF-46E0-8C80-3CF2AF84E41F}.Release|Any CPU.Build.0 = Release|Any CPU
	EndGlobalSection
	GlobalSection(SolutionProperties) = preSolution
		HideSolutionNode = FALSE
	EndGlobalSection
	GlobalSection(NestedProjects) = preSolution
		{92321FDD-26CF-46E0-8C80-3CF2AF84E41F} = {155B419B-534D-4D32-A076-E0DA15427AF2}
	EndGlobalSection
	GlobalSection(ExtensibilityGlobals) = postSolution
		SolutionGuid = {5FE1CC88-FF3E-48DA-9328-076CF4B12825}
	EndGlobalSection
EndGlobal
